%{
  "certifi": {:hex, :certifi, "2.5.1", "867ce347f7c7d78563450a18a6a28a8090331e77fa02380b4a21962a65d36ee5", [:rebar3], [{:parse_trans, "~>3.3", [hex: :parse_trans, repo: "hexpm", optional: false]}], "hexpm", "805abd97539caf89ec6d4732c91e62ba9da0cda51ac462380bbd28ee697a8c42"},
  "combine": {:hex, :combine, "0.10.0", "eff8224eeb56498a2af13011d142c5e7997a80c8f5b97c499f84c841032e429f", [:mix], [], "hexpm", "1b1dbc1790073076580d0d1d64e42eae2366583e7aecd455d1215b0d16f2451b"},
  "connection": {:hex, :connection, "1.0.4", "a1cae72211f0eef17705aaededacac3eb30e6625b04a6117c1b2db6ace7d5976", [:mix], [], "hexpm", "4a0850c9be22a43af9920a71ab17c051f5f7d45c209e40269a1938832510e4d9"},
  "cors_plug": {:hex, :cors_plug, "1.5.2", "72df63c87e4f94112f458ce9d25800900cc88608c1078f0e4faddf20933eda6e", [:mix], [{:plug, "~> 1.3 or ~> 1.4 or ~> 1.5", [hex: :plug, repo: "hexpm", optional: false]}], "hexpm", "9af027d20dc12dd0c4345a6b87247e0c62965871feea0bfecf9764648b02cc69"},
  "cowboy": {:hex, :cowboy, "2.7.0", "91ed100138a764355f43316b1d23d7ff6bdb0de4ea618cb5d8677c93a7a2f115", [:rebar3], [{:cowlib, "~> 2.8.0", [hex: :cowlib, repo: "hexpm", optional: false]}, {:ranch, "~> 1.7.1", [hex: :ranch, repo: "hexpm", optional: false]}], "hexpm", "04fd8c6a39edc6aaa9c26123009200fc61f92a3a94f3178c527b70b767c6e605"},
  "cowlib": {:hex, :cowlib, "2.8.0", "fd0ff1787db84ac415b8211573e9a30a3ebe71b5cbff7f720089972b2319c8a4", [:rebar3], [], "hexpm", "79f954a7021b302186a950a32869dbc185523d99d3e44ce430cd1f3289f41ed4"},
  "db_connection": {:hex, :db_connection, "1.1.3", "89b30ca1ef0a3b469b1c779579590688561d586694a3ce8792985d4d7e575a61", [:mix], [{:connection, "~> 1.0.2", [hex: :connection, repo: "hexpm", optional: false]}, {:poolboy, "~> 1.5", [hex: :poolboy, repo: "hexpm", optional: true]}, {:sbroker, "~> 1.0", [hex: :sbroker, repo: "hexpm", optional: true]}], "hexpm", "5f0a16a58312a610d5eb0b07506280c65f5137868ad479045f2a2dc4ced80550"},
  "decimal": {:hex, :decimal, "1.8.1", "a4ef3f5f3428bdbc0d35374029ffcf4ede8533536fa79896dd450168d9acdf3c", [:mix], [], "hexpm", "3cb154b00225ac687f6cbd4acc4b7960027c757a5152b369923ead9ddbca7aec"},
  "dns": {:hex, :dns, "2.1.2", "81c46d39f7934f0e73368355126e4266762cf227ba61d5889635d83b2d64a493", [:mix], [{:socket, "~> 0.3.13", [hex: :socket, repo: "hexpm", optional: false]}], "hexpm", "6818589d8e59c03a2c73001e5cd7a957f99c30a796021aa32445ea14d0f3356b"},
  "ecto": {:hex, :ecto, "2.2.9", "031d55df9bb430cb118e6f3026a87408d9ce9638737bda3871e5d727a3594aae", [:mix], [{:db_connection, "~> 1.1", [hex: :db_connection, repo: "hexpm", optional: true]}, {:decimal, "~> 1.2", [hex: :decimal, repo: "hexpm", optional: false]}, {:mariaex, "~> 0.8.0", [hex: :mariaex, repo: "hexpm", optional: true]}, {:poison, "~> 2.2 or ~> 3.0", [hex: :poison, repo: "hexpm", optional: true]}, {:poolboy, "~> 1.5", [hex: :poolboy, repo: "hexpm", optional: false]}, {:postgrex, "~> 0.13.0", [hex: :postgrex, repo: "hexpm", optional: true]}, {:sbroker, "~> 1.0", [hex: :sbroker, repo: "hexpm", optional: true]}], "hexpm", "f1e20ddf41713b4db247443a3bea9045c4103b27c0e64b0c21ec50edde51fba8"},
  "elixir_make": {:hex, :elixir_make, "0.6.0", "38349f3e29aff4864352084fc736fa7fa0f2995a819a737554f7ebd28b85aaab", [:mix], [], "hexpm", "d522695b93b7f0b4c0fcb2dfe73a6b905b1c301226a5a55cb42e5b14d509e050"},
  "erlport": {:hex, :erlport, "0.10.1", "c96ffa51bbcab0298232fcdfe8c3e110f1598011de71ae6b9082b80c9e2e476a", [:rebar3], [], "hexpm"},
  "esqlite": {:hex, :esqlite, "0.4.0", "8d0b88a774dceaec4fff0a6f63248efe811684591f186b6b21d4390be19bf1db", [:rebar3], [], "hexpm", "b599ebfd86f1b1cc07be8a48aa9fe0240c6046614062c458e338749a7bc74386"},
  "export": {:hex, :export, "0.1.1", "6dfd268b0692428f89b9285859a2dc02b6dcd2e8fdfbca34ac6e6a331351df91", [:mix], [{:erlport, "~> 0.9", [hex: :erlport, repo: "hexpm", optional: false]}], "hexpm"},
  "file_system": {:hex, :file_system, "0.2.8", "f632bd287927a1eed2b718f22af727c5aeaccc9a98d8c2bd7bff709e851dc986", [:mix], [], "hexpm", "97a3b6f8d63ef53bd0113070102db2ce05352ecf0d25390eb8d747c2bde98bca"},
  "gettext": {:hex, :gettext, "0.17.4", "f13088e1ec10ce01665cf25f5ff779e7df3f2dc71b37084976cf89d1aa124d5c", [:mix], [], "hexpm", "3c75b5ea8288e2ee7ea503ff9e30dfe4d07ad3c054576a6e60040e79a801e14d"},
  "hackney": {:hex, :hackney, "1.15.2", "07e33c794f8f8964ee86cebec1a8ed88db5070e52e904b8f12209773c1036085", [:rebar3], [{:certifi, "2.5.1", [hex: :certifi, repo: "hexpm", optional: false]}, {:idna, "6.0.0", [hex: :idna, repo: "hexpm", optional: false]}, {:metrics, "1.0.1", [hex: :metrics, repo: "hexpm", optional: false]}, {:mimerl, "~>1.1", [hex: :mimerl, repo: "hexpm", optional: false]}, {:ssl_verify_fun, "1.1.5", [hex: :ssl_verify_fun, repo: "hexpm", optional: false]}], "hexpm", "e0100f8ef7d1124222c11ad362c857d3df7cb5f4204054f9f0f4a728666591fc"},
  "httpotion": {:hex, :httpotion, "3.1.3", "fdaf1e16b9318dcb722de57e75ac368c93d4c6e3c9125f93e960f953a750fb77", [:mix], [{:ibrowse, "== 4.4.0", [hex: :ibrowse, repo: "hexpm", optional: false]}], "hexpm", "e420172ef697a0f1f4dc40f89a319d5a3aad90ec51fa424f08c115f04192ae43"},
  "ibrowse": {:hex, :ibrowse, "4.4.0", "2d923325efe0d2cb09b9c6a047b2835a5eda69d8a47ed6ff8bc03628b764e991", [:rebar3], [], "hexpm", "6a8e5988872086f0506bef68311493551ac5beae7c06ba2a00d5e9f97a60f1c2"},
  "idna": {:hex, :idna, "6.0.0", "689c46cbcdf3524c44d5f3dde8001f364cd7608a99556d8fbd8239a5798d4c10", [:rebar3], [{:unicode_util_compat, "0.4.1", [hex: :unicode_util_compat, repo: "hexpm", optional: false]}], "hexpm", "4bdd305eb64e18b0273864920695cb18d7a2021f31a11b9c5fbcd9a253f936e2"},
  "jason": {:hex, :jason, "1.1.2", "b03dedea67a99223a2eaf9f1264ce37154564de899fd3d8b9a21b1a6fd64afe7", [:mix], [{:decimal, "~> 1.0", [hex: :decimal, repo: "hexpm", optional: true]}], "hexpm", "fdf843bca858203ae1de16da2ee206f53416bbda5dc8c9e78f43243de4bc3afe"},
  "mdns": {:hex, :mdns, "1.0.3", "f08414daf5636bf5cd364611e838818e9250c91a3282a817ad9174b03e757401", [:mix], [{:dns, "~> 2.0", [hex: :dns, repo: "hexpm", optional: false]}], "hexpm", "6cb44eac9d1d71d0c5b400a383ccdc2b474d2e89a49a1e049e496637a6bab4c1"},
  "metrics": {:hex, :metrics, "1.0.1", "25f094dea2cda98213cecc3aeff09e940299d950904393b2a29d191c346a8486", [:rebar3], [], "hexpm", "69b09adddc4f74a40716ae54d140f93beb0fb8978d8636eaded0c31b6f099f16"},
  "mime": {:hex, :mime, "1.3.1", "30ce04ab3175b6ad0bdce0035cba77bba68b813d523d1aac73d9781b4d193cf8", [:mix], [], "hexpm", "6cbe761d6a0ca5a31a0931bf4c63204bceb64538e664a8ecf784a9a6f3b875f1"},
  "mimerl": {:hex, :mimerl, "1.2.0", "67e2d3f571088d5cfd3e550c383094b47159f3eee8ffa08e64106cdf5e981be3", [:rebar3], [], "hexpm", "f278585650aa581986264638ebf698f8bb19df297f66ad91b18910dfc6e19323"},
  "muontrap": {:hex, :muontrap, "0.5.1", "98fe96d0e616ee518860803a37a29eb23ffc2ca900047cb1bb7fd37521010093", [:make, :mix], [{:elixir_make, "~> 0.6", [hex: :elixir_make, repo: "hexpm", optional: false]}], "hexpm", "3c11b7f151b202148912c73cbdd633b76fa68fabc26cc441c9d6d140e22290dc"},
  "nerves": {:hex, :nerves, "1.5.4", "d5a2a29a642e92277d5680f40d0fadff17796e75faa82de87ba0bc920ffcf818", [:mix], [{:distillery, "~> 2.1", [hex: :distillery, repo: "hexpm", optional: true]}, {:jason, "~> 1.0", [hex: :jason, repo: "hexpm", optional: true]}], "hexpm", "283ce855f369ff209f3358d25e58f1ac941d58aef3ce7e8cc0be9919d25bf4f5"},
  "nerves_firmware_ssh": {:hex, :nerves_firmware_ssh, "0.4.4", "12b0d9c84ec9f79c1b0ac0de1c575372ef972d0c58ce21c36bf354062c6222d9", [:mix], [{:nerves_runtime, "~> 0.6", [hex: :nerves_runtime, repo: "hexpm", optional: false]}], "hexpm", "98c40104d0d2c6e6e8cce22f8c8fd8ad5b4b97f8694e42a9101ca44befac38f0"},
  "nerves_init_gadget": {:hex, :nerves_init_gadget, "0.7.0", "7402b190a7354fc4df53e707e1a8e421352ac6c3dba4262273d1f1a55bbb019b", [:mix], [{:mdns, "~> 1.0", [hex: :mdns, repo: "hexpm", optional: false]}, {:nerves_firmware_ssh, "~> 0.2", [hex: :nerves_firmware_ssh, repo: "hexpm", optional: false]}, {:nerves_network, "~> 0.3", [hex: :nerves_network, repo: "hexpm", optional: false]}, {:nerves_runtime, "~> 0.3", [hex: :nerves_runtime, repo: "hexpm", optional: false]}, {:nerves_time, "~> 0.2", [hex: :nerves_time, repo: "hexpm", optional: false]}, {:one_dhcpd, "~> 0.1", [hex: :one_dhcpd, repo: "hexpm", optional: false]}, {:ring_logger, "~> 0.4", [hex: :ring_logger, repo: "hexpm", optional: false]}], "hexpm", "989df1fd939545ae3f1a7185d7447273f7700b0a0bc204fbb1b18e03e6d38ad3"},
  "nerves_network": {:hex, :nerves_network, "0.5.5", "4690c362707f76c4072810bd9639b2ae8eb7dd9c21119656308b462a087230aa", [:make, :mix], [{:elixir_make, "~> 0.5", [hex: :elixir_make, repo: "hexpm", optional: false]}, {:nerves_network_interface, "~> 0.4.4", [hex: :nerves_network_interface, repo: "hexpm", optional: false]}, {:nerves_wpa_supplicant, "~> 0.5", [hex: :nerves_wpa_supplicant, repo: "hexpm", optional: false]}, {:one_dhcpd, "~> 0.2.0", [hex: :one_dhcpd, repo: "hexpm", optional: false]}, {:system_registry, "~> 0.7", [hex: :system_registry, repo: "hexpm", optional: false]}], "hexpm", "5e63529c6e128d147f5a6df82bd7daffd211057b8ac0c8ba625939a7fde9ccff"},
  "nerves_network_interface": {:hex, :nerves_network_interface, "0.4.6", "d50e57daca8154f0f780fd98eb5ae94a005579e0d72d69840e80e228375d88ad", [:make, :mix], [{:elixir_make, "~> 0.5", [hex: :elixir_make, repo: "hexpm", optional: false]}], "hexpm", "94eb89db67ceb17a7f3465d55c05b00e8d8cf10aa812556745ce0c06868768d3"},
  "nerves_runtime": {:hex, :nerves_runtime, "0.11.0", "96787c3935ec1a4943c8fcd63ce6ed1f2301f5f28eac41db800f3fafe0043f1f", [:make, :mix], [{:elixir_make, "~> 0.6", [hex: :elixir_make, repo: "hexpm", optional: false]}, {:system_registry, "~> 0.8.0", [hex: :system_registry, repo: "hexpm", optional: false]}, {:uboot_env, "~> 0.1.1", [hex: :uboot_env, repo: "hexpm", optional: false]}], "hexpm", "7adc7f7163422bddd569daadcb5d9ceb3010687afcba9f3c147ad17361417d7e"},
  "nerves_system_bbb": {:hex, :nerves_system_bbb, "2.5.1", "347e15bed1042fdbaf331201a37daedaa45be91c3489641d42192e4e5d554773", [:mix], [{:nerves, "~> 1.5.0", [hex: :nerves, repo: "hexpm", optional: false]}, {:nerves_system_br, "1.10.1", [hex: :nerves_system_br, repo: "hexpm", optional: false]}, {:nerves_system_linter, "~> 0.3.0", [hex: :nerves_system_linter, repo: "hexpm", optional: false]}, {:nerves_toolchain_arm_unknown_linux_gnueabihf, "1.2.0", [hex: :nerves_toolchain_arm_unknown_linux_gnueabihf, repo: "hexpm", optional: false]}], "hexpm", "2d1a4bc185e5cf0c307d8aa23ca7125622d836a9f5ccbda1644b0c6e7e5509c7"},
  "nerves_system_br": {:hex, :nerves_system_br, "1.10.1", "eb64fd6ab758bdce5f031e3faedfdc9d7dc6a3388e873de315b87259e29ce1bf", [:mix], [], "hexpm", "9fd15f148c9bc68798ff9a9f8536765469757789649e50638692b08121cb17b5"},
  "nerves_system_linter": {:hex, :nerves_system_linter, "0.3.0", "84e0f63c8ac196b16b77608bbe7df66dcf352845c4e4fb394bffd2b572025413", [:mix], [], "hexpm", "bffbdfb116bc72cde6e408c34c0670b199846e9a8f0953cc1c9f1eea693821a1"},
  "nerves_system_rpi": {:hex, :nerves_system_rpi, "1.10.1", "ea8b0166d620e605c5b28e37145953680a3a8fb4604133dd98e64e3be3b254c1", [:mix], [{:nerves, "~> 1.5.0", [hex: :nerves, repo: "hexpm", optional: false]}, {:nerves_system_br, "1.10.1", [hex: :nerves_system_br, repo: "hexpm", optional: false]}, {:nerves_system_linter, "~> 0.3.0", [hex: :nerves_system_linter, repo: "hexpm", optional: false]}, {:nerves_toolchain_armv6_rpi_linux_gnueabi, "1.2.0", [hex: :nerves_toolchain_armv6_rpi_linux_gnueabi, repo: "hexpm", optional: false]}], "hexpm", "6874081ff8ce9f9c77ec6fffe0e551276cd33e2900cb7b095c2b5b981091f5cc"},
  "nerves_system_rpi0": {:hex, :nerves_system_rpi0, "1.10.1", "57ed7e1225f1f67c965d2c5e0a330eb3daa156949483987aed9b4b7e7ac86335", [:mix], [{:nerves, "~> 1.5.0", [hex: :nerves, repo: "hexpm", optional: false]}, {:nerves_system_br, "1.10.1", [hex: :nerves_system_br, repo: "hexpm", optional: false]}, {:nerves_system_linter, "~> 0.3.0", [hex: :nerves_system_linter, repo: "hexpm", optional: false]}, {:nerves_toolchain_armv6_rpi_linux_gnueabi, "1.2.0", [hex: :nerves_toolchain_armv6_rpi_linux_gnueabi, repo: "hexpm", optional: false]}], "hexpm", "5d2ec84bbd12b2df2d8c98a018c432394aa79769d9bbe1a7c70024e03b4f64da"},
  "nerves_system_rpi2": {:hex, :nerves_system_rpi2, "1.10.1", "1e5fadf3e70341c6727256668932cff897649176c52da7355841d1974a4accda", [:mix], [{:nerves, "~> 1.5.0", [hex: :nerves, repo: "hexpm", optional: false]}, {:nerves_system_br, "1.10.1", [hex: :nerves_system_br, repo: "hexpm", optional: false]}, {:nerves_system_linter, "~> 0.3.0", [hex: :nerves_system_linter, repo: "hexpm", optional: false]}, {:nerves_toolchain_arm_unknown_linux_gnueabihf, "1.2.0", [hex: :nerves_toolchain_arm_unknown_linux_gnueabihf, repo: "hexpm", optional: false]}], "hexpm", "b4c29371127e1d985d5644123647a8454e13b86ddc2a2b7d7a83791d2d5b025c"},
  "nerves_system_rpi3": {:hex, :nerves_system_rpi3, "1.10.1", "df5c00233f9bb7d574e13889ae2be32c75652e96aa48a6bcb224ed3e10ef18b9", [:mix], [{:nerves, "~> 1.5.0", [hex: :nerves, repo: "hexpm", optional: false]}, {:nerves_system_br, "1.10.1", [hex: :nerves_system_br, repo: "hexpm", optional: false]}, {:nerves_system_linter, "~> 0.3.0", [hex: :nerves_system_linter, repo: "hexpm", optional: false]}, {:nerves_toolchain_arm_unknown_linux_gnueabihf, "1.2.0", [hex: :nerves_toolchain_arm_unknown_linux_gnueabihf, repo: "hexpm", optional: false]}], "hexpm", "a66a4890a34405b49b2a6f7abd0e51012be3a56f8b10a7c46b4e677daa92a7bb"},
  "nerves_system_rpi3a": {:hex, :nerves_system_rpi3a, "1.10.1", "e632c27dba70fd8caf82d22fac2fe78a599b14c00c8279b2746d759f693f5977", [:mix], [{:nerves, "~> 1.5.0", [hex: :nerves, repo: "hexpm", optional: false]}, {:nerves_system_br, "1.10.1", [hex: :nerves_system_br, repo: "hexpm", optional: false]}, {:nerves_system_linter, "~> 0.3.0", [hex: :nerves_system_linter, repo: "hexpm", optional: false]}, {:nerves_toolchain_arm_unknown_linux_gnueabihf, "1.2.0", [hex: :nerves_toolchain_arm_unknown_linux_gnueabihf, repo: "hexpm", optional: false]}], "hexpm", "bb6fc0cf4a15022d004d28b44a8106705a15cca3dd573f40dfe427d98b8e7151"},
  "nerves_system_x86_64": {:hex, :nerves_system_x86_64, "1.10.1", "ed1a818cebccc2b12b9388749314f6d4d9cb85ff9b7ed4b0eae3b24845c7e153", [:mix], [{:nerves, "~> 1.5.0", [hex: :nerves, repo: "hexpm", optional: false]}, {:nerves_system_br, "1.10.1", [hex: :nerves_system_br, repo: "hexpm", optional: false]}, {:nerves_system_linter, "~> 0.3.0", [hex: :nerves_system_linter, repo: "hexpm", optional: false]}, {:nerves_toolchain_x86_64_unknown_linux_musl, "1.2.0", [hex: :nerves_toolchain_x86_64_unknown_linux_musl, repo: "hexpm", optional: false]}], "hexpm", "e35032ca64b70deb05354dcaa66c55a927f9e858a3c0891b2218d274e14e2035"},
  "nerves_time": {:hex, :nerves_time, "0.3.2", "cbd1048701a756695cda6ec5835419e47505a7fe437f97088c9475dc6f8ab625", [:make, :mix], [{:elixir_make, "~> 0.6", [hex: :elixir_make, repo: "hexpm", optional: false]}, {:muontrap, "~> 0.5", [hex: :muontrap, repo: "hexpm", optional: false]}], "hexpm", "b2da78b6d98775c29a7bd296d4b293a89a849a0fed2a685774892b50b2b63444"},
  "nerves_toolchain_arm_unknown_linux_gnueabihf": {:hex, :nerves_toolchain_arm_unknown_linux_gnueabihf, "1.2.0", "ba48ce7c846ee12dfca8148dc7240988d96a3f2eb9c234bf08bffe4f0f7a3c62", [:mix], [{:nerves, "~> 1.0", [hex: :nerves, repo: "hexpm", optional: false]}, {:nerves_toolchain_ctng, "~> 1.6.0", [hex: :nerves_toolchain_ctng, repo: "hexpm", optional: false]}], "hexpm", "18df425fee48a9088bf941d3615c677b818b537310123c4b4c90b710e4a34180"},
  "nerves_toolchain_armv6_rpi_linux_gnueabi": {:hex, :nerves_toolchain_armv6_rpi_linux_gnueabi, "1.2.0", "007668c7ad1f73bad8fd54ad1a27a3b0fb91bca51b4af6bb3bbdac968ccae0ba", [:mix], [{:nerves, "~> 1.0", [hex: :nerves, repo: "hexpm", optional: false]}, {:nerves_toolchain_ctng, "~> 1.6.0", [hex: :nerves_toolchain_ctng, repo: "hexpm", optional: false]}], "hexpm", "4e843f405d4b8e6137419f94e5b8f491bff5a87b02ac2223e126182e8cec4256"},
  "nerves_toolchain_ctng": {:hex, :nerves_toolchain_ctng, "1.6.0", "452f8589c1a58ac787477caab20a8cfc6671e345837ccc19beefe49ae35ba983", [:mix], [{:nerves, "~> 1.0", [hex: :nerves, repo: "hexpm", optional: false]}], "hexpm", "7ee5744dc606c6debf3e459ef122e77c13d6a1be9e093f7e29af3759896f9dbb"},
  "nerves_toolchain_x86_64_unknown_linux_musl": {:hex, :nerves_toolchain_x86_64_unknown_linux_musl, "1.2.0", "fbe688fa561b03190765e269d4336333c4961a48d2acd3f6cb283443a058e138", [:mix], [{:nerves, "~> 1.0", [hex: :nerves, repo: "hexpm", optional: false]}, {:nerves_toolchain_ctng, "~> 1.6.0", [hex: :nerves_toolchain_ctng, repo: "hexpm", optional: false]}], "hexpm", "9cb676b7fb7a4564b18e1e16f72bc64f06f77346a477033fde6e4c2d1cc2ecff"},
  "nerves_wpa_supplicant": {:hex, :nerves_wpa_supplicant, "0.5.2", "4ec392fc08faf35f50d1070446c2e5019f6b85bd53f5716f904e3f75716d9596", [:make, :mix], [{:elixir_make, "~> 0.5", [hex: :elixir_make, repo: "hexpm", optional: false]}], "hexpm", "c286ed5397fa185ab986226596eeb72d8f5f9f1b1156103418193f85905da713"},
  "one_dhcpd": {:hex, :one_dhcpd, "0.2.4", "2664f2e1ac72cbae0474a88d1a3d55019ccc3ee582ded382589511627a8ed516", [:make, :mix], [{:elixir_make, "~> 0.6", [hex: :elixir_make, repo: "hexpm", optional: false]}], "hexpm", "38f08c228d066153dbe352b150910345e395eacd2db3c19085d54c0baeeebacb"},
  "parse_trans": {:hex, :parse_trans, "3.3.0", "09765507a3c7590a784615cfd421d101aec25098d50b89d7aa1d66646bc571c1", [:rebar3], [], "hexpm", "17ef63abde837ad30680ea7f857dd9e7ced9476cdd7b0394432af4bfc241b960"},
  "phoenix": {:hex, :phoenix, "1.4.12", "b86fa85a2ba336f5de068549de5ccceec356fd413264a9637e7733395d6cc4ea", [:mix], [{:jason, "~> 1.0", [hex: :jason, repo: "hexpm", optional: true]}, {:phoenix_pubsub, "~> 1.1", [hex: :phoenix_pubsub, repo: "hexpm", optional: false]}, {:plug, "~> 1.8.1 or ~> 1.9", [hex: :plug, repo: "hexpm", optional: false]}, {:plug_cowboy, "~> 1.0 or ~> 2.0", [hex: :plug_cowboy, repo: "hexpm", optional: true]}, {:telemetry, "~> 0.4", [hex: :telemetry, repo: "hexpm", optional: false]}], "hexpm", "58331ade6d77e1312a3d976f0fa41803b8f004b2b5f489193425bc46aea3ed30"},
  "phoenix_html": {:hex, :phoenix_html, "2.14.0", "d8c6bc28acc8e65f8ea0080ee05aa13d912c8758699283b8d3427b655aabe284", [:mix], [{:plug, "~> 1.5", [hex: :plug, repo: "hexpm", optional: false]}], "hexpm", "b0bb30eda478a06dbfbe96728061a93833db3861a49ccb516f839ecb08493fbb"},
  "phoenix_live_reload": {:hex, :phoenix_live_reload, "1.2.1", "274a4b07c4adbdd7785d45a8b0bb57634d0b4f45b18d2c508b26c0344bd59b8f", [:mix], [{:file_system, "~> 0.2.1 or ~> 0.3", [hex: :file_system, repo: "hexpm", optional: false]}, {:phoenix, "~> 1.4", [hex: :phoenix, repo: "hexpm", optional: false]}], "hexpm", "41b4103a2fa282cfd747d377233baf213c648fdcc7928f432937676532490eee"},
  "phoenix_pubsub": {:hex, :phoenix_pubsub, "1.1.2", "496c303bdf1b2e98a9d26e89af5bba3ab487ba3a3735f74bf1f4064d2a845a3e", [:mix], [], "hexpm", "1f13f9f0f3e769a667a6b6828d29dec37497a082d195cc52dbef401a9b69bf38"},
  "plug": {:hex, :plug, "1.8.3", "12d5f9796dc72e8ac9614e94bda5e51c4c028d0d428e9297650d09e15a684478", [:mix], [{:mime, "~> 1.0", [hex: :mime, repo: "hexpm", optional: false]}, {:plug_crypto, "~> 1.0", [hex: :plug_crypto, repo: "hexpm", optional: false]}, {:telemetry, "~> 0.4", [hex: :telemetry, repo: "hexpm", optional: true]}], "hexpm", "164baaeb382d19beee0ec484492aa82a9c8685770aee33b24ec727a0971b34d0"},
  "plug_cowboy": {:hex, :plug_cowboy, "2.1.2", "8b0addb5908c5238fac38e442e81b6fcd32788eaa03246b4d55d147c47c5805e", [:mix], [{:cowboy, "~> 2.5", [hex: :cowboy, repo: "hexpm", optional: false]}, {:plug, "~> 1.7", [hex: :plug, repo: "hexpm", optional: false]}], "hexpm", "7d722581ce865a237e14da6d946f92704101740a256bd13ec91e63c0b122fc70"},
  "plug_crypto": {:hex, :plug_crypto, "1.0.0", "18e49317d3fa343f24620ed22795ec29d4a5e602d52d1513ccea0b07d8ea7d4d", [:mix], [], "hexpm", "73c1682f0e414cfb5d9b95c8e8cd6ffcfdae699e3b05e1db744e58b7be857759"},
  "poison": {:hex, :poison, "3.1.0", "d9eb636610e096f86f25d9a46f35a9facac35609a7591b3be3326e99a0484665", [:mix], [], "hexpm", "fec8660eb7733ee4117b85f55799fd3833eb769a6df71ccf8903e8dc5447cfce"},
  "poolboy": {:hex, :poolboy, "1.5.2", "392b007a1693a64540cead79830443abf5762f5d30cf50bc95cb2c1aaafa006b", [:rebar3], [], "hexpm", "dad79704ce5440f3d5a3681c8590b9dc25d1a561e8f5a9c995281012860901e3"},
  "ranch": {:hex, :ranch, "1.7.1", "6b1fab51b49196860b733a49c07604465a47bdb78aa10c1c16a3d199f7f8c881", [:rebar3], [], "hexpm", "451d8527787df716d99dc36162fca05934915db0b6141bbdac2ea8d3c7afc7d7"},
  "ring_logger": {:hex, :ring_logger, "0.8.0", "b1baddc269099b2afe2ea3a87b8e2b71e57331c0000038ae55090068aac679db", [:mix], [], "hexpm", "9b2f482e4346c13c11ef555f898202d0ddbfda6e2354e5c6e0559d2b4e0cf781"},
  "sbroker": {:hex, :sbroker, "1.0.0", "28ff1b5e58887c5098539f236307b36fe1d3edaa2acff9d6a3d17c2dcafebbd0", [:rebar3], [], "hexpm", "ba952bfa35b374e1e5d84bc5f5efe8360c6f99dc93b3118f714a9a2dff6c9e19"},
  "shoehorn": {:hex, :shoehorn, "0.6.0", "f9a1b7d6212cf18ba91c4f71c26076059df33cea4db2eb3c098bfa6673349412", [:mix], [{:distillery, "~> 2.1", [hex: :distillery, repo: "hexpm", optional: true]}], "hexpm", "e54a1f58a121caf8f0f3a355686b2661258b1bc0d4fffef8923bd7b11c2f9d79"},
  "socket": {:hex, :socket, "0.3.13", "98a2ab20ce17f95fb512c5cadddba32b57273e0d2dba2d2e5f976c5969d0c632", [:mix], [], "hexpm", "f82ea9833ef49dde272e6568ab8aac657a636acb4cf44a7de8a935acb8957c2e"},
  "sqlite_ecto2": {:hex, :sqlite_ecto2, "2.4.0", "6693c112a899d9fd401c6005788428ea52bde382b96a040fe474bde37c244167", [:mix], [{:connection, "~> 1.0", [hex: :connection, repo: "hexpm", optional: false]}, {:db_connection, "~> 1.1", [hex: :db_connection, repo: "hexpm", optional: false]}, {:decimal, "~> 1.5", [hex: :decimal, repo: "hexpm", optional: false]}, {:ecto, "2.2.9", [hex: :ecto, repo: "hexpm", optional: false]}, {:poison, "~> 2.2 or ~> 3.0", [hex: :poison, repo: "hexpm", optional: true]}, {:postgrex, "~> 0.13", [hex: :postgrex, repo: "hexpm", optional: true]}, {:sbroker, "~> 1.0", [hex: :sbroker, repo: "hexpm", optional: false]}, {:sqlitex, "~> 1.6", [hex: :sqlitex, repo: "hexpm", optional: false]}], "hexpm", "b94b116c79188246ed5b8cc7f4e87aa288ed1db22dd44ed1f14b8d5da7b07819"},
  "sqlitex": {:hex, :sqlitex, "1.7.0", "bf8a90f056c46e6e27c33722cb632b302b83847a88ac7545b3db940edfdab745", [:mix], [{:decimal, "~> 1.7", [hex: :decimal, repo: "hexpm", optional: false]}, {:esqlite, "~> 0.4", [hex: :esqlite, repo: "hexpm", optional: false]}], "hexpm", "128e1753d658d3edcc24030784b6e29ab9ee72ff898b4f04ef50771b7d20f9d2"},
  "ssl_verify_fun": {:hex, :ssl_verify_fun, "1.1.5", "6eaf7ad16cb568bb01753dbbd7a95ff8b91c7979482b95f38443fe2c8852a79b", [:make, :mix, :rebar3], [], "hexpm", "13104d7897e38ed7f044c4de953a6c28597d1c952075eb2e328bc6d6f2bfc496"},
  "system_registry": {:hex, :system_registry, "0.8.2", "df791dc276652fcfb53be4dab823e05f8269b96ac57c26f86a67838dbc0eefe7", [:mix], [], "hexpm", "f7acdede22c73ab0b3735eead7f2095efb2a7a6198366564205274db2ca2a8f8"},
  "telemetry": {:hex, :telemetry, "0.4.1", "ae2718484892448a24470e6aa341bc847c3277bfb8d4e9289f7474d752c09c7f", [:rebar3], [], "hexpm", "4738382e36a0a9a2b6e25d67c960e40e1a2c95560b9f936d8e29de8cd858480f"},
  "timex": {:hex, :timex, "3.6.1", "efdf56d0e67a6b956cc57774353b0329c8ab7726766a11547e529357ffdc1d56", [:mix], [{:combine, "~> 0.10", [hex: :combine, repo: "hexpm", optional: false]}, {:gettext, "~> 0.10", [hex: :gettext, repo: "hexpm", optional: false]}, {:tzdata, "~> 0.1.8 or ~> 0.5 or ~> 1.0.0", [hex: :tzdata, repo: "hexpm", optional: false]}], "hexpm", "f354efb2400dd7a80fd9eb6c8419068c4f632da4ac47f3d8822d6e33f08bc852"},
  "timex_ecto": {:hex, :timex_ecto, "3.4.0", "7871043345626a591bfa3e313aa271df4a4eda79f51eb69e83f326f0b8f3181c", [:mix], [{:ecto, "~> 2.2", [hex: :ecto, repo: "hexpm", optional: false]}, {:timex, "~> 3.6", [hex: :timex, repo: "hexpm", optional: false]}], "hexpm", "4237fa971c8fb9baeeb901b3ae4efee663e0da335e291228f215d99cf8a64799"},
  "toolshed": {:hex, :toolshed, "0.2.11", "0cd5312bd6a48f5b654b6ffa9239a63af9f3d200da414790fe25f066e14842a9", [:mix], [{:nerves_runtime, "~> 0.8", [hex: :nerves_runtime, repo: "hexpm", optional: true]}], "hexpm", "f22ae95d77136f9f7db93cddd40d42bc8252d825f15a772a17d4c7947b6faad5"},
  "tzdata": {:hex, :tzdata, "1.0.3", "73470ad29dde46e350c60a66e6b360d3b99d2d18b74c4c349dbebbc27a09a3eb", [:mix], [{:hackney, "~> 1.0", [hex: :hackney, repo: "hexpm", optional: false]}], "hexpm", "a6e1ee7003c4d04ecbd21dd3ec690d4c6662db5d3bbdd7262d53cdf5e7c746c1"},
  "uboot_env": {:hex, :uboot_env, "0.1.1", "b01e3ec0973e99473234f27839e29e63b5b81eba6a136a18a78d049d4813d6c5", [:mix], [], "hexpm", "f7b82da0cb40c8db9c9fb1fc977780ab0c28d961ec1f3c7ab265c4352e4141ae"},
  "unicode_util_compat": {:hex, :unicode_util_compat, "0.4.1", "d869e4c68901dd9531385bb0c8c40444ebf624e60b6962d95952775cac5e90cd", [:rebar3], [], "hexpm", "1d1848c40487cdb0b30e8ed975e34e025860c02e419cb615d255849f3427439d"},
}
